
Microsoft Visual Studio Solution File, Format Version 12.00
# Visual Studio 14
VisualStudioVersion = 14.0.23107.0
MinimumVisualStudioVersion = 10.0.40219.1
Project("{FAE04EC0-301F-11D3-BF4B-00C04F79EFBC}") = "SCL.EmailUtility", "src\TemplateBasedEmailUtility\SCL.EmailUtility.csproj", "{078626B5-4706-4019-86D1-A6B016DFDA2B}"
EndProject
Project("{FAE04EC0-301F-11D3-BF4B-00C04F79EFBC}") = "SCL.Utility", "src\Utility\SCL.Utility.csproj", "{F362777A-111A-4E79-87C5-C6AC2DE42F96}"
EndProject
Project("{FAE04EC0-301F-11D3-BF4B-00C04F79EFBC}") = "SCL.DAO", "src\DAO\SCL.DAO.csproj", "{6F35C061-4C08-46F4-A0E5-7183E80F4038}"
EndProject
Project("{2150E333-8FDC-42A3-9474-1A3956D46DE8}") = "src", "src", "{DDB769F5-7C9B-4CEB-A75B-C78117EB9A4E}"
EndProject
Project("{FAE04EC0-301F-11D3-BF4B-00C04F79EFBC}") = "SCL.DAO.Test", "test\SCL.DAO.Test\SCL.DAO.Test.csproj", "{BD08DF76-C534-48D0-A885-0641C4B458F3}"
EndProject
Project("{2150E333-8FDC-42A3-9474-1A3956D46DE8}") = "test", "test", "{08A351A8-06F5-4C80-ACB5-432841A52C61}"
EndProject
Global
	GlobalSection(SolutionConfigurationPlatforms) = preSolution
		Debug|Any CPU = Debug|Any CPU
		Release|Any CPU = Release|Any CPU
	EndGlobalSection
	GlobalSection(ProjectConfigurationPlatforms) = postSolution
		{078626B5-4706-4019-86D1-A6B016DFDA2B}.Debug|Any CPU.ActiveCfg = Debug|Any CPU
		{078626B5-4706-4019-86D1-A6B016DFDA2B}.Debug|Any CPU.Build.0 = Debug|Any CPU
		{078626B5-4706-4019-86D1-A6B016DFDA2B}.Release|Any CPU.ActiveCfg = Release|Any CPU
		{078626B5-4706-4019-86D1-A6B016DFDA2B}.Release|Any CPU.Build.0 = Release|Any CPU
		{F362777A-111A-4E79-87C5-C6AC2DE42F96}.Debug|Any CPU.ActiveCfg = Debug|Any CPU
		{F362777A-111A-4E79-87C5-C6AC2DE42F96}.Debug|Any CPU.Build.0 = Debug|Any CPU
		{F362777A-111A-4E79-87C5-C6AC2DE42F96}.Release|Any CPU.ActiveCfg = Release|Any CPU
		{F362777A-111A-4E79-87C5-C6AC2DE42F96}.Release|Any CPU.Build.0 = Release|Any CPU
		{6F35C061-4C08-46F4-A0E5-7183E80F4038}.Debug|Any CPU.ActiveCfg = Debug|Any CPU
		{6F35C061-4C08-46F4-A0E5-7183E80F4038}.Debug|Any CPU.Build.0 = Debug|Any CPU
		{6F35C061-4C08-46F4-A0E5-7183E80F4038}.Release|Any CPU.ActiveCfg = Release|Any CPU
		{6F35C061-4C08-46F4-A0E5-7183E80F4038}.Release|Any CPU.Build.0 = Release|Any CPU
		{BD08DF76-C534-48D0-A885-0641C4B458F3}.Debug|Any CPU.ActiveCfg = Debug|Any CPU
		{BD08DF76-C534-48D0-A885-0641C4B458F3}.Debug|Any CPU.Build.0 = Debug|Any CPU
		{BD08DF76-C534-48D0-A885-0641C4B458F3}.Release|Any CPU.ActiveCfg = Release|Any CPU
		{BD08DF76-C534-48D0-A885-0641C4B458F3}.Release|Any CPU.Build.0 = Release|Any CPU
	EndGlobalSection
	GlobalSection(SolutionProperties) = preSolution
		HideSolutionNode = FALSE
	EndGlobalSection
	GlobalSection(NestedProjects) = preSolution
		{078626B5-4706-4019-86D1-A6B016DFDA2B} = {DDB769F5-7C9B-4CEB-A75B-C78117EB9A4E}
		{F362777A-111A-4E79-87C5-C6AC2DE42F96} = {DDB769F5-7C9B-4CEB-A75B-C78117EB9A4E}
		{6F35C061-4C08-46F4-A0E5-7183E80F4038} = {DDB769F5-7C9B-4CEB-A75B-C78117EB9A4E}
		{BD08DF76-C534-48D0-A885-0641C4B458F3} = {08A351A8-06F5-4C80-ACB5-432841A52C61}
	EndGlobalSection
EndGlobal
